Microsoft Visual Studio Solution File, Format Version 12.00
# Visual Studio 14
VisualStudioVersion = 14.0.25420.1
MinimumVisualStudioVersion = 10.0.40219.1
Project("{FAE04EC0-301F-11D3-BF4B-00C04F79EFBC}") = "FactSet.SDK.WatchlistAPIforDigitalPortals", "src\FactSet.SDK.WatchlistAPIforDigitalPortals\FactSet.SDK.WatchlistAPIforDigitalPortals.csproj", "{9bf8589c-ae1a-5d6b-81c1-3443cf7f176f}"
EndProject
Global
	GlobalSection(SolutionConfigurationPlatforms) = preSolution
		Debug|Any CPU = Debug|Any CPU
		Release|Any CPU = Release|Any CPU
	EndGlobalSection
	GlobalSection(ProjectConfigurationPlatforms) = postSolution
		{9bf8589c-ae1a-5d6b-81c1-3443cf7f176f}.Debug|Any CPU.ActiveCfg = Debug|Any CPU
		{9bf8589c-ae1a-5d6b-81c1-3443cf7f176f}.Debug|Any CPU.Build.0 = Debug|Any CPU
		{9bf8589c-ae1a-5d6b-81c1-3443cf7f176f}.Release|Any CPU.ActiveCfg = Release|Any CPU
		{9bf8589c-ae1a-5d6b-81c1-3443cf7f176f}.Release|Any CPU.Build.0 = Release|Any CPU
		{19F1DEBC-DE5E-4517-8062-F000CD499087}.Debug|Any CPU.ActiveCfg = Debug|Any CPU
		{19F1DEBC-DE5E-4517-8062-F000CD499087}.Debug|Any CPU.Build.0 = Debug|Any CPU
		{19F1DEBC-DE5E-4517-8062-F000CD499087}.Release|Any CPU.ActiveCfg = Release|Any CPU
		{19F1DEBC-DE5E-4517-8062-F000CD499087}.Release|Any CPU.Build.0 = Release|Any CPU
	EndGlobalSection
	GlobalSection(SolutionProperties) = preSolution
		HideSolutionNode = FALSE
	EndGlobalSection
EndGlobal